
Microsoft Visual Studio Solution File, Format Version 11.00
# Visual Studio 2010
Project("{FAE04EC0-301F-11D3-BF4B-00C04F79EFBC}") = "КР_String1", "КР_String1\КР_String1.csproj", "{926C9AF7-E61A-4594-9820-9CC4F27BF7BA}"
EndProject
Global
	GlobalSection(SolutionConfigurationPlatforms) = preSolution
		Debug|x86 = Debug|x86
		Release|x86 = Release|x86
	EndGlobalSection
	GlobalSection(ProjectConfigurationPlatforms) = postSolution
		{926C9AF7-E61A-4594-9820-9CC4F27BF7BA}.Debug|x86.ActiveCfg = Debug|x86
		{926C9AF7-E61A-4594-9820-9CC4F27BF7BA}.Debug|x86.Build.0 = Debug|x86
		{926C9AF7-E61A-4594-9820-9CC4F27BF7BA}.Release|x86.ActiveCfg = Release|x86
		{926C9AF7-E61A-4594-9820-9CC4F27BF7BA}.Release|x86.Build.0 = Release|x86
	EndGlobalSection
	GlobalSection(SolutionProperties) = preSolution
		HideSolutionNode = FALSE
	EndGlobalSection
EndGlobal
