
Microsoft Visual Studio Solution File, Format Version 10.00
# Visual Studio 2008
Project("{8BC9CEB8-8B4A-11D0-8D11-00A0C91BC942}") = "01_Naive", "01_Naive\01_Naive.vcproj", "{816E1F7F-4A8F-410D-8F46-637114F59368}"
EndProject
Global
	GlobalSection(SolutionConfigurationPlatforms) = preSolution
		Debug|Win32 = Debug|Win32
		Release|Win32 = Release|Win32
	EndGlobalSection
	GlobalSection(ProjectConfigurationPlatforms) = postSolution
		{816E1F7F-4A8F-410D-8F46-637114F59368}.Debug|Win32.ActiveCfg = Debug|Win32
		{816E1F7F-4A8F-410D-8F46-637114F59368}.Debug|Win32.Build.0 = Debug|Win32
		{816E1F7F-4A8F-410D-8F46-637114F59368}.Release|Win32.ActiveCfg = Release|Win32
		{816E1F7F-4A8F-410D-8F46-637114F59368}.Release|Win32.Build.0 = Release|Win32
	EndGlobalSection
	GlobalSection(SolutionProperties) = preSolution
		HideSolutionNode = FALSE
	EndGlobalSection
EndGlobal
