
Microsoft Visual Studio Solution File, Format Version 11.00
# Visual Studio 2010
Project("{FAE04EC0-301F-11D3-BF4B-00C04F79EFBC}") = "ADO.NET_2", "ADO.NET_2\ADO.NET_2.csproj", "{E983DF81-9E31-4F56-B64B-7E2E25C31CA3}"
EndProject
Global
	GlobalSection(SolutionConfigurationPlatforms) = preSolution
		Debug|x86 = Debug|x86
		Release|x86 = Release|x86
	EndGlobalSection
	GlobalSection(ProjectConfigurationPlatforms) = postSolution
		{E983DF81-9E31-4F56-B64B-7E2E25C31CA3}.Debug|x86.ActiveCfg = Debug|x86
		{E983DF81-9E31-4F56-B64B-7E2E25C31CA3}.Debug|x86.Build.0 = Debug|x86
		{E983DF81-9E31-4F56-B64B-7E2E25C31CA3}.Release|x86.ActiveCfg = Release|x86
		{E983DF81-9E31-4F56-B64B-7E2E25C31CA3}.Release|x86.Build.0 = Release|x86
	EndGlobalSection
	GlobalSection(SolutionProperties) = preSolution
		HideSolutionNode = FALSE
	EndGlobalSection
EndGlobal
