
Microsoft Visual Studio Solution File, Format Version 11.00
# Visual Studio 2010
Project("{8BC9CEB8-8B4A-11D0-8D11-00A0C91BC942}") = "Явная", "Явная\Явная.vcxproj", "{880770CD-0197-465D-AF99-0C974926969C}"
EndProject
Global
	GlobalSection(SolutionConfigurationPlatforms) = preSolution
		Debug|Win32 = Debug|Win32
		Release|Win32 = Release|Win32
	EndGlobalSection
	GlobalSection(ProjectConfigurationPlatforms) = postSolution
		{880770CD-0197-465D-AF99-0C974926969C}.Debug|Win32.ActiveCfg = Debug|Win32
		{880770CD-0197-465D-AF99-0C974926969C}.Debug|Win32.Build.0 = Debug|Win32
		{880770CD-0197-465D-AF99-0C974926969C}.Release|Win32.ActiveCfg = Release|Win32
		{880770CD-0197-465D-AF99-0C974926969C}.Release|Win32.Build.0 = Release|Win32
	EndGlobalSection
	GlobalSection(SolutionProperties) = preSolution
		HideSolutionNode = FALSE
	EndGlobalSection
EndGlobal
